
Microsoft Visual Studio Solution File, Format Version 12.00
Project("{FAE04EC0-301F-11D3-BF4B-00C04F79EFBC}") = "TagCloudContainer.Tests", "TagCloudContainer.Tests\TagCloudContainer.Tests.csproj", "{19597DBC-6D9E-419F-94F0-364CE490B2F9}"
EndProject
Global
	GlobalSection(SolutionConfigurationPlatforms) = preSolution
		Debug|Any CPU = Debug|Any CPU
		Release|Any CPU = Release|Any CPU
	EndGlobalSection
	GlobalSection(ProjectConfigurationPlatforms) = postSolution
		{19597DBC-6D9E-419F-94F0-364CE490B2F9}.Debug|Any CPU.ActiveCfg = Debug|Any CPU
		{19597DBC-6D9E-419F-94F0-364CE490B2F9}.Debug|Any CPU.Build.0 = Debug|Any CPU
		{19597DBC-6D9E-419F-94F0-364CE490B2F9}.Release|Any CPU.ActiveCfg = Release|Any CPU
		{19597DBC-6D9E-419F-94F0-364CE490B2F9}.Release|Any CPU.Build.0 = Release|Any CPU
	EndGlobalSection
EndGlobal
