
Microsoft Visual Studio Solution File, Format Version 12.00
# Visual Studio Version 16
VisualStudioVersion = 16.0.31729.503
MinimumVisualStudioVersion = 10.0.40219.1
Project("{FAE04EC0-301F-11D3-BF4B-00C04F79EFBC}") = "TagsCloudContainer", "TagsCloudContainer\TagsCloudContainer.csproj", "{FC9C20D9-301D-49EA-AFC4-D2C4924B5091}"
EndProject
Project("{FAE04EC0-301F-11D3-BF4B-00C04F79EFBC}") = "TagsCloudContainerTests", "TagsCloudContainerTests\TagsCloudContainerTests.csproj", "{59D69F21-E125-4C18-B0F8-B060A0173D48}"
EndProject
Project("{FAE04EC0-301F-11D3-BF4B-00C04F79EFBC}") = "CLI", "CLI\CLI.csproj", "{EAE5DEF8-1A00-4F1B-B047-66E94F4D7B68}"
EndProject
Project("{FAE04EC0-301F-11D3-BF4B-00C04F79EFBC}") = "ContainerConfigurers", "ContainerConfigurers\ContainerConfigurers.csproj", "{5EBDB868-176B-433E-8BA6-FDBFC18A2C3F}"
EndProject
Global
	GlobalSection(SolutionConfigurationPlatforms) = preSolution
		Debug|Any CPU = Debug|Any CPU
		Release|Any CPU = Release|Any CPU
	EndGlobalSection
	GlobalSection(ProjectConfigurationPlatforms) = postSolution
		{FC9C20D9-301D-49EA-AFC4-D2C4924B5091}.Debug|Any CPU.ActiveCfg = Debug|Any CPU
		{FC9C20D9-301D-49EA-AFC4-D2C4924B5091}.Debug|Any CPU.Build.0 = Debug|Any CPU
		{FC9C20D9-301D-49EA-AFC4-D2C4924B5091}.Release|Any CPU.ActiveCfg = Release|Any CPU
		{FC9C20D9-301D-49EA-AFC4-D2C4924B5091}.Release|Any CPU.Build.0 = Release|Any CPU
		{59D69F21-E125-4C18-B0F8-B060A0173D48}.Debug|Any CPU.ActiveCfg = Debug|Any CPU
		{59D69F21-E125-4C18-B0F8-B060A0173D48}.Debug|Any CPU.Build.0 = Debug|Any CPU
		{59D69F21-E125-4C18-B0F8-B060A0173D48}.Release|Any CPU.ActiveCfg = Release|Any CPU
		{59D69F21-E125-4C18-B0F8-B060A0173D48}.Release|Any CPU.Build.0 = Release|Any CPU
		{EAE5DEF8-1A00-4F1B-B047-66E94F4D7B68}.Debug|Any CPU.ActiveCfg = Debug|Any CPU
		{EAE5DEF8-1A00-4F1B-B047-66E94F4D7B68}.Debug|Any CPU.Build.0 = Debug|Any CPU
		{EAE5DEF8-1A00-4F1B-B047-66E94F4D7B68}.Release|Any CPU.ActiveCfg = Release|Any CPU
		{EAE5DEF8-1A00-4F1B-B047-66E94F4D7B68}.Release|Any CPU.Build.0 = Release|Any CPU
		{5EBDB868-176B-433E-8BA6-FDBFC18A2C3F}.Debug|Any CPU.ActiveCfg = Debug|Any CPU
		{5EBDB868-176B-433E-8BA6-FDBFC18A2C3F}.Debug|Any CPU.Build.0 = Debug|Any CPU
		{5EBDB868-176B-433E-8BA6-FDBFC18A2C3F}.Release|Any CPU.ActiveCfg = Release|Any CPU
		{5EBDB868-176B-433E-8BA6-FDBFC18A2C3F}.Release|Any CPU.Build.0 = Release|Any CPU
	EndGlobalSection
	GlobalSection(SolutionProperties) = preSolution
		HideSolutionNode = FALSE
	EndGlobalSection
	GlobalSection(ExtensibilityGlobals) = postSolution
		SolutionGuid = {E7803F89-D391-4A31-BA2C-7F0D010CEB52}
	EndGlobalSection
EndGlobal
