
Microsoft Visual Studio Solution File, Format Version 12.00
Project("{FAE04EC0-301F-11D3-BF4B-00C04F79EFBC}") = "TagsCloudVisualization", "TagsCloudVisualization\TagsCloudVisualization.csproj", "{66B8D302-2B1E-4530-B77A-D20993AEE4E9}"
EndProject
Project("{FAE04EC0-301F-11D3-BF4B-00C04F79EFBC}") = "Testing", "Testing\Testing.csproj", "{7225AA13-2D9D-46B0-8929-3B82F042A5D3}"
EndProject
Global
	GlobalSection(SolutionConfigurationPlatforms) = preSolution
		Debug|Any CPU = Debug|Any CPU
		Release|Any CPU = Release|Any CPU
	EndGlobalSection
	GlobalSection(ProjectConfigurationPlatforms) = postSolution
		{66B8D302-2B1E-4530-B77A-D20993AEE4E9}.Debug|Any CPU.ActiveCfg = Debug|Any CPU
		{66B8D302-2B1E-4530-B77A-D20993AEE4E9}.Debug|Any CPU.Build.0 = Debug|Any CPU
		{66B8D302-2B1E-4530-B77A-D20993AEE4E9}.Release|Any CPU.ActiveCfg = Release|Any CPU
		{66B8D302-2B1E-4530-B77A-D20993AEE4E9}.Release|Any CPU.Build.0 = Release|Any CPU
		{7225AA13-2D9D-46B0-8929-3B82F042A5D3}.Debug|Any CPU.ActiveCfg = Debug|Any CPU
		{7225AA13-2D9D-46B0-8929-3B82F042A5D3}.Debug|Any CPU.Build.0 = Debug|Any CPU
		{7225AA13-2D9D-46B0-8929-3B82F042A5D3}.Release|Any CPU.ActiveCfg = Release|Any CPU
		{7225AA13-2D9D-46B0-8929-3B82F042A5D3}.Release|Any CPU.Build.0 = Release|Any CPU
	EndGlobalSection
EndGlobal
