
Microsoft Visual Studio Solution File, Format Version 12.00
# Visual Studio 15
VisualStudioVersion = 15.0.27703.2035
MinimumVisualStudioVersion = 10.0.40219.1
Project("{FAE04EC0-301F-11D3-BF4B-00C04F79EFBC}") = "TagsCloudVisualization", "TagsCloudVisualization\TagsCloudVisualization.csproj", "{C3E70787-D7C0-4451-83D6-128C0B5D24F2}"
EndProject
Global
	GlobalSection(SolutionConfigurationPlatforms) = preSolution
		Debug|Any CPU = Debug|Any CPU
		Release|Any CPU = Release|Any CPU
	EndGlobalSection
	GlobalSection(ProjectConfigurationPlatforms) = postSolution
		{C3E70787-D7C0-4451-83D6-128C0B5D24F2}.Debug|Any CPU.ActiveCfg = Debug|Any CPU
		{C3E70787-D7C0-4451-83D6-128C0B5D24F2}.Debug|Any CPU.Build.0 = Debug|Any CPU
		{C3E70787-D7C0-4451-83D6-128C0B5D24F2}.Release|Any CPU.ActiveCfg = Release|Any CPU
		{C3E70787-D7C0-4451-83D6-128C0B5D24F2}.Release|Any CPU.Build.0 = Release|Any CPU
	EndGlobalSection
	GlobalSection(SolutionProperties) = preSolution
		HideSolutionNode = FALSE
	EndGlobalSection
	GlobalSection(ExtensibilityGlobals) = postSolution
		SolutionGuid = {E0048112-6467-4A51-9B91-41FBC40C0FDD}
	EndGlobalSection
EndGlobal
