
Microsoft Visual Studio Solution File, Format Version 12.00
Project("{FAE04EC0-301F-11D3-BF4B-00C04F79EFBC}") = "TagsCloudContainerCore", "TagsCloudContainerCore\TagsCloudContainerCore.csproj", "{CCF873A5-3B26-4253-999B-7BFD94B4A971}"
EndProject
Project("{FAE04EC0-301F-11D3-BF4B-00C04F79EFBC}") = "TagsCloudVisualization", "..\..\tdd\cs\TagsCloudVisualization\TagsCloudVisualization.csproj", "{6FC9BC67-CBEC-4785-A24F-79608502171C}"
EndProject
Global
	GlobalSection(SolutionConfigurationPlatforms) = preSolution
		Debug|Any CPU = Debug|Any CPU
		Release|Any CPU = Release|Any CPU
	EndGlobalSection
	GlobalSection(ProjectConfigurationPlatforms) = postSolution
		{CCF873A5-3B26-4253-999B-7BFD94B4A971}.Debug|Any CPU.ActiveCfg = Debug|Any CPU
		{CCF873A5-3B26-4253-999B-7BFD94B4A971}.Debug|Any CPU.Build.0 = Debug|Any CPU
		{CCF873A5-3B26-4253-999B-7BFD94B4A971}.Release|Any CPU.ActiveCfg = Release|Any CPU
		{CCF873A5-3B26-4253-999B-7BFD94B4A971}.Release|Any CPU.Build.0 = Release|Any CPU
		{6FC9BC67-CBEC-4785-A24F-79608502171C}.Debug|Any CPU.ActiveCfg = Debug|Any CPU
		{6FC9BC67-CBEC-4785-A24F-79608502171C}.Debug|Any CPU.Build.0 = Debug|Any CPU
		{6FC9BC67-CBEC-4785-A24F-79608502171C}.Release|Any CPU.ActiveCfg = Release|Any CPU
		{6FC9BC67-CBEC-4785-A24F-79608502171C}.Release|Any CPU.Build.0 = Release|Any CPU
	EndGlobalSection
EndGlobal
