
Microsoft Visual Studio Solution File, Format Version 12.00
Project("{FAE04EC0-301F-11D3-BF4B-00C04F79EFBC}") = "TagsCloudVisualization", "TagsCloudVisualization\TagsCloudVisualization.csproj", "{33B8ACDC-902E-4EE5-9059-9EC27AC3B50C}"
EndProject
Project("{FAE04EC0-301F-11D3-BF4B-00C04F79EFBC}") = "TagsCloudVisualizationTests", "TagsCloudVisualizationTests\TagsCloudVisualizationTests.csproj", "{61BC1715-E383-4D28-934B-9FAD8DBE5C47}"
EndProject
Project("{FAE04EC0-301F-11D3-BF4B-00C04F79EFBC}") = "ConsoleApp", "ConsoleApp\ConsoleApp.csproj", "{AF4A30C9-E1BC-49C9-8237-18DAFCE6F821}"
EndProject
Global
	GlobalSection(SolutionConfigurationPlatforms) = preSolution
		Debug|Any CPU = Debug|Any CPU
		Release|Any CPU = Release|Any CPU
	EndGlobalSection
	GlobalSection(ProjectConfigurationPlatforms) = postSolution
		{33B8ACDC-902E-4EE5-9059-9EC27AC3B50C}.Debug|Any CPU.ActiveCfg = Debug|Any CPU
		{33B8ACDC-902E-4EE5-9059-9EC27AC3B50C}.Debug|Any CPU.Build.0 = Debug|Any CPU
		{33B8ACDC-902E-4EE5-9059-9EC27AC3B50C}.Release|Any CPU.ActiveCfg = Release|Any CPU
		{33B8ACDC-902E-4EE5-9059-9EC27AC3B50C}.Release|Any CPU.Build.0 = Release|Any CPU
		{61BC1715-E383-4D28-934B-9FAD8DBE5C47}.Debug|Any CPU.ActiveCfg = Debug|Any CPU
		{61BC1715-E383-4D28-934B-9FAD8DBE5C47}.Debug|Any CPU.Build.0 = Debug|Any CPU
		{61BC1715-E383-4D28-934B-9FAD8DBE5C47}.Release|Any CPU.ActiveCfg = Release|Any CPU
		{61BC1715-E383-4D28-934B-9FAD8DBE5C47}.Release|Any CPU.Build.0 = Release|Any CPU
		{AF4A30C9-E1BC-49C9-8237-18DAFCE6F821}.Debug|Any CPU.ActiveCfg = Debug|Any CPU
		{AF4A30C9-E1BC-49C9-8237-18DAFCE6F821}.Debug|Any CPU.Build.0 = Debug|Any CPU
		{AF4A30C9-E1BC-49C9-8237-18DAFCE6F821}.Release|Any CPU.ActiveCfg = Release|Any CPU
		{AF4A30C9-E1BC-49C9-8237-18DAFCE6F821}.Release|Any CPU.Build.0 = Release|Any CPU
	EndGlobalSection
EndGlobal
