
Microsoft Visual Studio Solution File, Format Version 12.00
# Visual Studio Version 17
VisualStudioVersion = 17.4.33110.190
MinimumVisualStudioVersion = 10.0.40219.1
Project("{9A19103F-16F7-4668-BE54-9A1E7A4F7556}") = "TagsCloudContainer", "TagsCloudContainer\TagsCloudContainer.csproj", "{5C3659FE-E283-4783-816D-DE796B502479}"
EndProject
Project("{FAE04EC0-301F-11D3-BF4B-00C04F79EFBC}") = "TagCloudContainerTests", "TagCloudContainerTests\TagCloudContainerTests.csproj", "{FD335B93-2C09-4D3B-8526-E9142D169109}"
EndProject
Global
	GlobalSection(SolutionConfigurationPlatforms) = preSolution
		Debug|Any CPU = Debug|Any CPU
		Release|Any CPU = Release|Any CPU
	EndGlobalSection
	GlobalSection(ProjectConfigurationPlatforms) = postSolution
		{5C3659FE-E283-4783-816D-DE796B502479}.Debug|Any CPU.ActiveCfg = Debug|Any CPU
		{5C3659FE-E283-4783-816D-DE796B502479}.Debug|Any CPU.Build.0 = Debug|Any CPU
		{5C3659FE-E283-4783-816D-DE796B502479}.Release|Any CPU.ActiveCfg = Release|Any CPU
		{5C3659FE-E283-4783-816D-DE796B502479}.Release|Any CPU.Build.0 = Release|Any CPU
		{FD335B93-2C09-4D3B-8526-E9142D169109}.Debug|Any CPU.ActiveCfg = Debug|Any CPU
		{FD335B93-2C09-4D3B-8526-E9142D169109}.Debug|Any CPU.Build.0 = Debug|Any CPU
		{FD335B93-2C09-4D3B-8526-E9142D169109}.Release|Any CPU.ActiveCfg = Release|Any CPU
		{FD335B93-2C09-4D3B-8526-E9142D169109}.Release|Any CPU.Build.0 = Release|Any CPU
	EndGlobalSection
	GlobalSection(SolutionProperties) = preSolution
		HideSolutionNode = FALSE
	EndGlobalSection
	GlobalSection(ExtensibilityGlobals) = postSolution
		SolutionGuid = {2A6CA91F-AD51-4A63-977A-8189F8482054}
	EndGlobalSection
EndGlobal
