
Microsoft Visual Studio Solution File, Format Version 12.00
# Visual Studio Version 17
VisualStudioVersion = 17.3.32929.385
MinimumVisualStudioVersion = 10.0.40219.1
Project("{9A19103F-16F7-4668-BE54-9A1E7A4F7556}") = "TagsCloudContainer.Core", "TagsCloudContainer.Core\TagsCloudContainer.Core.csproj", "{64E0757E-EBEE-4C40-9752-5EA59C09C44A}"
EndProject
Project("{9A19103F-16F7-4668-BE54-9A1E7A4F7556}") = "TagsCloudContainer.Sandbox", "TagsCloudContainer.Sandbox\TagsCloudContainer.Sandbox.csproj", "{04B75A8C-4E12-4E62-A1A9-009235048A6A}"
EndProject
Project("{2150E333-8FDC-42A3-9474-1A3956D46DE8}") = "Tests", "Tests", "{6A9BA5F7-0884-44C7-B66B-1101429A1091}"
EndProject
Project("{9A19103F-16F7-4668-BE54-9A1E7A4F7556}") = "TagsCloudContainer.Core.Tests", "TagsCloudContainer.Core.Tests\TagsCloudContainer.Core.Tests.csproj", "{A76457F3-738E-4A02-A078-A6DDDF740B6F}"
EndProject
Global
	GlobalSection(SolutionConfigurationPlatforms) = preSolution
		Debug|Any CPU = Debug|Any CPU
		Release|Any CPU = Release|Any CPU
	EndGlobalSection
	GlobalSection(ProjectConfigurationPlatforms) = postSolution
		{64E0757E-EBEE-4C40-9752-5EA59C09C44A}.Debug|Any CPU.ActiveCfg = Debug|Any CPU
		{64E0757E-EBEE-4C40-9752-5EA59C09C44A}.Debug|Any CPU.Build.0 = Debug|Any CPU
		{64E0757E-EBEE-4C40-9752-5EA59C09C44A}.Release|Any CPU.ActiveCfg = Release|Any CPU
		{64E0757E-EBEE-4C40-9752-5EA59C09C44A}.Release|Any CPU.Build.0 = Release|Any CPU
		{04B75A8C-4E12-4E62-A1A9-009235048A6A}.Debug|Any CPU.ActiveCfg = Debug|Any CPU
		{04B75A8C-4E12-4E62-A1A9-009235048A6A}.Debug|Any CPU.Build.0 = Debug|Any CPU
		{04B75A8C-4E12-4E62-A1A9-009235048A6A}.Release|Any CPU.ActiveCfg = Release|Any CPU
		{04B75A8C-4E12-4E62-A1A9-009235048A6A}.Release|Any CPU.Build.0 = Release|Any CPU
		{A76457F3-738E-4A02-A078-A6DDDF740B6F}.Debug|Any CPU.ActiveCfg = Debug|Any CPU
		{A76457F3-738E-4A02-A078-A6DDDF740B6F}.Debug|Any CPU.Build.0 = Debug|Any CPU
		{A76457F3-738E-4A02-A078-A6DDDF740B6F}.Release|Any CPU.ActiveCfg = Release|Any CPU
		{A76457F3-738E-4A02-A078-A6DDDF740B6F}.Release|Any CPU.Build.0 = Release|Any CPU
	EndGlobalSection
	GlobalSection(SolutionProperties) = preSolution
		HideSolutionNode = FALSE
	EndGlobalSection
	GlobalSection(NestedProjects) = preSolution
		{A76457F3-738E-4A02-A078-A6DDDF740B6F} = {6A9BA5F7-0884-44C7-B66B-1101429A1091}
	EndGlobalSection
	GlobalSection(ExtensibilityGlobals) = postSolution
		SolutionGuid = {795726CD-B457-4EA4-8BE8-3A66E4A96024}
	EndGlobalSection
EndGlobal
