
Microsoft Visual Studio Solution File, Format Version 12.00
# Visual Studio 15
VisualStudioVersion = 15.0.28307.136
MinimumVisualStudioVersion = 10.0.40219.1
Project("{FAE04EC0-301F-11D3-BF4B-00C04F79EFBC}") = "TagsCloudContainer", "TagsCloudContainer\TagsCloudContainer.csproj", "{02CECDDF-CF3A-42F0-8A6B-07BB786DD06E}"
EndProject
Project("{FAE04EC0-301F-11D3-BF4B-00C04F79EFBC}") = "TagsCloudVisualization", "..\TagsCloudVisualization\TagsCloudVisualization\TagsCloudVisualization.csproj", "{1A4FF023-9378-4464-8A59-5B8C2210ED9B}"
EndProject
Project("{FAE04EC0-301F-11D3-BF4B-00C04F79EFBC}") = "TagsCloudContainerTests", "TagsCloudContainerTests\TagsCloudContainerTests.csproj", "{EB2C3EA1-3BFF-42C1-BAC7-AA226F42C211}"
EndProject
Project("{FAE04EC0-301F-11D3-BF4B-00C04F79EFBC}") = "TagsCloudBuilder", "TagsCloudBuilder\TagsCloudBuilder.csproj", "{ED00D1AE-4CF1-4EF8-8C5F-D4BB266AB89E}"
EndProject
Project("{FAE04EC0-301F-11D3-BF4B-00C04F79EFBC}") = "TagsCloudBuilderTests", "TagsCloudBuilderTests\TagsCloudBuilderTests.csproj", "{C7C73846-B970-45AD-BF0C-A0B031C4D298}"
EndProject
Global
	GlobalSection(SolutionConfigurationPlatforms) = preSolution
		Debug|Any CPU = Debug|Any CPU
		Release|Any CPU = Release|Any CPU
	EndGlobalSection
	GlobalSection(ProjectConfigurationPlatforms) = postSolution
		{02CECDDF-CF3A-42F0-8A6B-07BB786DD06E}.Debug|Any CPU.ActiveCfg = Debug|Any CPU
		{02CECDDF-CF3A-42F0-8A6B-07BB786DD06E}.Debug|Any CPU.Build.0 = Debug|Any CPU
		{02CECDDF-CF3A-42F0-8A6B-07BB786DD06E}.Release|Any CPU.ActiveCfg = Release|Any CPU
		{02CECDDF-CF3A-42F0-8A6B-07BB786DD06E}.Release|Any CPU.Build.0 = Release|Any CPU
		{1A4FF023-9378-4464-8A59-5B8C2210ED9B}.Debug|Any CPU.ActiveCfg = Debug|Any CPU
		{1A4FF023-9378-4464-8A59-5B8C2210ED9B}.Debug|Any CPU.Build.0 = Debug|Any CPU
		{1A4FF023-9378-4464-8A59-5B8C2210ED9B}.Release|Any CPU.ActiveCfg = Release|Any CPU
		{1A4FF023-9378-4464-8A59-5B8C2210ED9B}.Release|Any CPU.Build.0 = Release|Any CPU
		{EB2C3EA1-3BFF-42C1-BAC7-AA226F42C211}.Debug|Any CPU.ActiveCfg = Debug|Any CPU
		{EB2C3EA1-3BFF-42C1-BAC7-AA226F42C211}.Debug|Any CPU.Build.0 = Debug|Any CPU
		{EB2C3EA1-3BFF-42C1-BAC7-AA226F42C211}.Release|Any CPU.ActiveCfg = Release|Any CPU
		{EB2C3EA1-3BFF-42C1-BAC7-AA226F42C211}.Release|Any CPU.Build.0 = Release|Any CPU
		{ED00D1AE-4CF1-4EF8-8C5F-D4BB266AB89E}.Debug|Any CPU.ActiveCfg = Debug|Any CPU
		{ED00D1AE-4CF1-4EF8-8C5F-D4BB266AB89E}.Debug|Any CPU.Build.0 = Debug|Any CPU
		{ED00D1AE-4CF1-4EF8-8C5F-D4BB266AB89E}.Release|Any CPU.ActiveCfg = Release|Any CPU
		{ED00D1AE-4CF1-4EF8-8C5F-D4BB266AB89E}.Release|Any CPU.Build.0 = Release|Any CPU
		{C7C73846-B970-45AD-BF0C-A0B031C4D298}.Debug|Any CPU.ActiveCfg = Debug|Any CPU
		{C7C73846-B970-45AD-BF0C-A0B031C4D298}.Debug|Any CPU.Build.0 = Debug|Any CPU
		{C7C73846-B970-45AD-BF0C-A0B031C4D298}.Release|Any CPU.ActiveCfg = Release|Any CPU
		{C7C73846-B970-45AD-BF0C-A0B031C4D298}.Release|Any CPU.Build.0 = Release|Any CPU
	EndGlobalSection
	GlobalSection(SolutionProperties) = preSolution
		HideSolutionNode = FALSE
	EndGlobalSection
	GlobalSection(ExtensibilityGlobals) = postSolution
		SolutionGuid = {EF64BA53-316E-4FD3-A3FD-AEF3829A612A}
	EndGlobalSection
EndGlobal
