
Microsoft Visual Studio Solution File, Format Version 12.00
# Visual Studio 15
VisualStudioVersion = 15.0.28307.852
MinimumVisualStudioVersion = 10.0.40219.1
Project("{FAE04EC0-301F-11D3-BF4B-00C04F79EFBC}") = "TagsCloudLayout", "TagsCloudLayout\TagsCloudLayout.csproj", "{8B34D40A-8013-4C69-AFF0-F4F9B9E50C8B}"
EndProject
Project("{FAE04EC0-301F-11D3-BF4B-00C04F79EFBC}") = "TagsCloudApplicationTests", "TagsCloudLayoutTests\TagsCloudApplicationTests.csproj", "{A7B9309A-799F-4C2C-B89F-50CC7FFEA01E}"
EndProject
Project("{FAE04EC0-301F-11D3-BF4B-00C04F79EFBC}") = "TextConfiguration", "TextConfiguration\TextConfiguration.csproj", "{AB1A0F6A-67E7-482F-9F87-2B0C2B2C7D46}"
EndProject
Project("{FAE04EC0-301F-11D3-BF4B-00C04F79EFBC}") = "TagsCloudVisualization", "TagsCloudVisualization\TagsCloudVisualization.csproj", "{8068CA09-8E81-4508-86C7-D8187CA86570}"
EndProject
Global
	GlobalSection(SolutionConfigurationPlatforms) = preSolution
		Debug|Any CPU = Debug|Any CPU
		Release|Any CPU = Release|Any CPU
	EndGlobalSection
	GlobalSection(ProjectConfigurationPlatforms) = postSolution
		{8B34D40A-8013-4C69-AFF0-F4F9B9E50C8B}.Debug|Any CPU.ActiveCfg = Debug|Any CPU
		{8B34D40A-8013-4C69-AFF0-F4F9B9E50C8B}.Debug|Any CPU.Build.0 = Debug|Any CPU
		{8B34D40A-8013-4C69-AFF0-F4F9B9E50C8B}.Release|Any CPU.ActiveCfg = Release|Any CPU
		{8B34D40A-8013-4C69-AFF0-F4F9B9E50C8B}.Release|Any CPU.Build.0 = Release|Any CPU
		{A7B9309A-799F-4C2C-B89F-50CC7FFEA01E}.Debug|Any CPU.ActiveCfg = Debug|Any CPU
		{A7B9309A-799F-4C2C-B89F-50CC7FFEA01E}.Debug|Any CPU.Build.0 = Debug|Any CPU
		{A7B9309A-799F-4C2C-B89F-50CC7FFEA01E}.Release|Any CPU.ActiveCfg = Release|Any CPU
		{A7B9309A-799F-4C2C-B89F-50CC7FFEA01E}.Release|Any CPU.Build.0 = Release|Any CPU
		{AB1A0F6A-67E7-482F-9F87-2B0C2B2C7D46}.Debug|Any CPU.ActiveCfg = Debug|Any CPU
		{AB1A0F6A-67E7-482F-9F87-2B0C2B2C7D46}.Debug|Any CPU.Build.0 = Debug|Any CPU
		{AB1A0F6A-67E7-482F-9F87-2B0C2B2C7D46}.Release|Any CPU.ActiveCfg = Release|Any CPU
		{AB1A0F6A-67E7-482F-9F87-2B0C2B2C7D46}.Release|Any CPU.Build.0 = Release|Any CPU
		{8068CA09-8E81-4508-86C7-D8187CA86570}.Debug|Any CPU.ActiveCfg = Debug|Any CPU
		{8068CA09-8E81-4508-86C7-D8187CA86570}.Debug|Any CPU.Build.0 = Debug|Any CPU
		{8068CA09-8E81-4508-86C7-D8187CA86570}.Release|Any CPU.ActiveCfg = Release|Any CPU
		{8068CA09-8E81-4508-86C7-D8187CA86570}.Release|Any CPU.Build.0 = Release|Any CPU
	EndGlobalSection
	GlobalSection(SolutionProperties) = preSolution
		HideSolutionNode = FALSE
	EndGlobalSection
	GlobalSection(ExtensibilityGlobals) = postSolution
		SolutionGuid = {C8856EA1-FF99-4DAF-B9E7-0378376D0085}
	EndGlobalSection
EndGlobal
