
Microsoft Visual Studio Solution File, Format Version 12.00
Project("{FAE04EC0-301F-11D3-BF4B-00C04F79EFBC}") = "Infrastructure", "Infrastructure\Infrastructure.csproj", "{DBF231B5-CAB6-49AD-AB64-7BC21ECC296F}"
EndProject
Project("{FAE04EC0-301F-11D3-BF4B-00C04F79EFBC}") = "Step01", "Step01\Step01.csproj", "{F2CCBD42-F636-4C39-B0D1-006331BE6925}"
EndProject
Project("{FAE04EC0-301F-11D3-BF4B-00C04F79EFBC}") = "Step03", "Step03\Step03.csproj", "{CF9051FC-B9B6-44E3-A50E-5292107A23CE}"
EndProject
Project("{FAE04EC0-301F-11D3-BF4B-00C04F79EFBC}") = "Step04", "Step04\Step04.csproj", "{8742DC1F-985A-425A-8C47-985EFFEEB2F4}"
EndProject
Project("{FAE04EC0-301F-11D3-BF4B-00C04F79EFBC}") = "Step05", "Step05\Step05.csproj", "{32FB9056-C1D2-443A-83DE-AA94561A0074}"
EndProject
Project("{FAE04EC0-301F-11D3-BF4B-00C04F79EFBC}") = "Step06", "Step06\Step06.csproj", "{3F871EDC-92FC-44B0-9C2F-CA89E8D3D0B9}"
EndProject
Project("{FAE04EC0-301F-11D3-BF4B-00C04F79EFBC}") = "Step07", "Step07\Step07.csproj", "{A34B95BC-86ED-4378-B42C-C02D2877959E}"
EndProject
Project("{FAE04EC0-301F-11D3-BF4B-00C04F79EFBC}") = "Step08", "Step08\Step08.csproj", "{D89A621B-BE8D-44FA-8C9D-3681380E57AA}"
EndProject
Project("{FAE04EC0-301F-11D3-BF4B-00C04F79EFBC}") = "Step09", "Step09\Step09.csproj", "{BAA8D352-44BD-4A51-9EF5-1027F5185A76}"
EndProject
Project("{FAE04EC0-301F-11D3-BF4B-00C04F79EFBC}") = "Step10", "Step10\Step10.csproj", "{6013A58C-CDDF-49E9-8BE1-26A6C4A7E210}"
EndProject
Project("{FAE04EC0-301F-11D3-BF4B-00C04F79EFBC}") = "Step11", "Step11\Step11.csproj", "{3DBAA817-5853-47DE-8FDC-C18E7809B324}"
EndProject
Global
	GlobalSection(SolutionConfigurationPlatforms) = preSolution
		Debug|Any CPU = Debug|Any CPU
		Release|Any CPU = Release|Any CPU
	EndGlobalSection
	GlobalSection(ProjectConfigurationPlatforms) = postSolution
		{DBF231B5-CAB6-49AD-AB64-7BC21ECC296F}.Debug|Any CPU.ActiveCfg = Debug|Any CPU
		{DBF231B5-CAB6-49AD-AB64-7BC21ECC296F}.Debug|Any CPU.Build.0 = Debug|Any CPU
		{DBF231B5-CAB6-49AD-AB64-7BC21ECC296F}.Release|Any CPU.ActiveCfg = Release|Any CPU
		{DBF231B5-CAB6-49AD-AB64-7BC21ECC296F}.Release|Any CPU.Build.0 = Release|Any CPU
		{F2CCBD42-F636-4C39-B0D1-006331BE6925}.Debug|Any CPU.ActiveCfg = Debug|Any CPU
		{F2CCBD42-F636-4C39-B0D1-006331BE6925}.Debug|Any CPU.Build.0 = Debug|Any CPU
		{F2CCBD42-F636-4C39-B0D1-006331BE6925}.Release|Any CPU.ActiveCfg = Release|Any CPU
		{F2CCBD42-F636-4C39-B0D1-006331BE6925}.Release|Any CPU.Build.0 = Release|Any CPU
		{CF9051FC-B9B6-44E3-A50E-5292107A23CE}.Debug|Any CPU.ActiveCfg = Debug|Any CPU
		{CF9051FC-B9B6-44E3-A50E-5292107A23CE}.Debug|Any CPU.Build.0 = Debug|Any CPU
		{CF9051FC-B9B6-44E3-A50E-5292107A23CE}.Release|Any CPU.ActiveCfg = Release|Any CPU
		{CF9051FC-B9B6-44E3-A50E-5292107A23CE}.Release|Any CPU.Build.0 = Release|Any CPU
		{8742DC1F-985A-425A-8C47-985EFFEEB2F4}.Debug|Any CPU.ActiveCfg = Debug|Any CPU
		{8742DC1F-985A-425A-8C47-985EFFEEB2F4}.Debug|Any CPU.Build.0 = Debug|Any CPU
		{8742DC1F-985A-425A-8C47-985EFFEEB2F4}.Release|Any CPU.ActiveCfg = Release|Any CPU
		{8742DC1F-985A-425A-8C47-985EFFEEB2F4}.Release|Any CPU.Build.0 = Release|Any CPU
		{32FB9056-C1D2-443A-83DE-AA94561A0074}.Debug|Any CPU.ActiveCfg = Debug|Any CPU
		{32FB9056-C1D2-443A-83DE-AA94561A0074}.Debug|Any CPU.Build.0 = Debug|Any CPU
		{32FB9056-C1D2-443A-83DE-AA94561A0074}.Release|Any CPU.ActiveCfg = Release|Any CPU
		{32FB9056-C1D2-443A-83DE-AA94561A0074}.Release|Any CPU.Build.0 = Release|Any CPU
		{3F871EDC-92FC-44B0-9C2F-CA89E8D3D0B9}.Debug|Any CPU.ActiveCfg = Debug|Any CPU
		{3F871EDC-92FC-44B0-9C2F-CA89E8D3D0B9}.Debug|Any CPU.Build.0 = Debug|Any CPU
		{3F871EDC-92FC-44B0-9C2F-CA89E8D3D0B9}.Release|Any CPU.ActiveCfg = Release|Any CPU
		{3F871EDC-92FC-44B0-9C2F-CA89E8D3D0B9}.Release|Any CPU.Build.0 = Release|Any CPU
		{A34B95BC-86ED-4378-B42C-C02D2877959E}.Debug|Any CPU.ActiveCfg = Debug|Any CPU
		{A34B95BC-86ED-4378-B42C-C02D2877959E}.Debug|Any CPU.Build.0 = Debug|Any CPU
		{A34B95BC-86ED-4378-B42C-C02D2877959E}.Release|Any CPU.ActiveCfg = Release|Any CPU
		{A34B95BC-86ED-4378-B42C-C02D2877959E}.Release|Any CPU.Build.0 = Release|Any CPU
		{D89A621B-BE8D-44FA-8C9D-3681380E57AA}.Debug|Any CPU.ActiveCfg = Debug|Any CPU
		{D89A621B-BE8D-44FA-8C9D-3681380E57AA}.Debug|Any CPU.Build.0 = Debug|Any CPU
		{D89A621B-BE8D-44FA-8C9D-3681380E57AA}.Release|Any CPU.ActiveCfg = Release|Any CPU
		{D89A621B-BE8D-44FA-8C9D-3681380E57AA}.Release|Any CPU.Build.0 = Release|Any CPU
		{BAA8D352-44BD-4A51-9EF5-1027F5185A76}.Debug|Any CPU.ActiveCfg = Debug|Any CPU
		{BAA8D352-44BD-4A51-9EF5-1027F5185A76}.Debug|Any CPU.Build.0 = Debug|Any CPU
		{BAA8D352-44BD-4A51-9EF5-1027F5185A76}.Release|Any CPU.ActiveCfg = Release|Any CPU
		{BAA8D352-44BD-4A51-9EF5-1027F5185A76}.Release|Any CPU.Build.0 = Release|Any CPU
		{6013A58C-CDDF-49E9-8BE1-26A6C4A7E210}.Debug|Any CPU.ActiveCfg = Debug|Any CPU
		{6013A58C-CDDF-49E9-8BE1-26A6C4A7E210}.Debug|Any CPU.Build.0 = Debug|Any CPU
		{6013A58C-CDDF-49E9-8BE1-26A6C4A7E210}.Release|Any CPU.ActiveCfg = Release|Any CPU
		{6013A58C-CDDF-49E9-8BE1-26A6C4A7E210}.Release|Any CPU.Build.0 = Release|Any CPU
		{3DBAA817-5853-47DE-8FDC-C18E7809B324}.Debug|Any CPU.ActiveCfg = Debug|Any CPU
		{3DBAA817-5853-47DE-8FDC-C18E7809B324}.Debug|Any CPU.Build.0 = Debug|Any CPU
		{3DBAA817-5853-47DE-8FDC-C18E7809B324}.Release|Any CPU.ActiveCfg = Release|Any CPU
		{3DBAA817-5853-47DE-8FDC-C18E7809B324}.Release|Any CPU.Build.0 = Release|Any CPU
	EndGlobalSection
EndGlobal
