
Microsoft Visual Studio Solution File, Format Version 12.00
# Visual Studio 15
VisualStudioVersion = 15.0.28010.2048
MinimumVisualStudioVersion = 10.0.40219.1
Project("{FAE04EC0-301F-11D3-BF4B-00C04F79EFBC}") = "TagsCloudVisualization", "TagsCloudVisualization\TagsCloudVisualization.csproj", "{1A4FF023-9378-4464-8A59-5B8C2210ED9B}"
EndProject
Global
	GlobalSection(SolutionConfigurationPlatforms) = preSolution
		Debug|Any CPU = Debug|Any CPU
		Release|Any CPU = Release|Any CPU
	EndGlobalSection
	GlobalSection(ProjectConfigurationPlatforms) = postSolution
		{1A4FF023-9378-4464-8A59-5B8C2210ED9B}.Debug|Any CPU.ActiveCfg = Debug|Any CPU
		{1A4FF023-9378-4464-8A59-5B8C2210ED9B}.Debug|Any CPU.Build.0 = Debug|Any CPU
		{1A4FF023-9378-4464-8A59-5B8C2210ED9B}.Release|Any CPU.ActiveCfg = Release|Any CPU
		{1A4FF023-9378-4464-8A59-5B8C2210ED9B}.Release|Any CPU.Build.0 = Release|Any CPU
	EndGlobalSection
	GlobalSection(SolutionProperties) = preSolution
		HideSolutionNode = FALSE
	EndGlobalSection
	GlobalSection(ExtensibilityGlobals) = postSolution
		SolutionGuid = {5B03FC4B-FD96-4802-8B9E-3C6614925CE7}
	EndGlobalSection
EndGlobal
