
Microsoft Visual Studio Solution File, Format Version 12.00
Project("{FAE04EC0-301F-11D3-BF4B-00C04F79EFBC}") = "TagCloud", "TagCloud\TagCloud.csproj", "{A78DAA96-CFD3-4480-BAF2-D89D09733902}"
EndProject
Project("{FAE04EC0-301F-11D3-BF4B-00C04F79EFBC}") = "TagCloudTest", "TagCloudTest\TagCloudTest.csproj", "{F2BFC826-55A7-4D6A-B921-9E688A14F769}"
EndProject
Global
	GlobalSection(SolutionConfigurationPlatforms) = preSolution
		Debug|Any CPU = Debug|Any CPU
		Release|Any CPU = Release|Any CPU
	EndGlobalSection
	GlobalSection(ProjectConfigurationPlatforms) = postSolution
		{A78DAA96-CFD3-4480-BAF2-D89D09733902}.Debug|Any CPU.ActiveCfg = Debug|Any CPU
		{A78DAA96-CFD3-4480-BAF2-D89D09733902}.Debug|Any CPU.Build.0 = Debug|Any CPU
		{A78DAA96-CFD3-4480-BAF2-D89D09733902}.Release|Any CPU.ActiveCfg = Release|Any CPU
		{A78DAA96-CFD3-4480-BAF2-D89D09733902}.Release|Any CPU.Build.0 = Release|Any CPU
		{F2BFC826-55A7-4D6A-B921-9E688A14F769}.Debug|Any CPU.ActiveCfg = Debug|Any CPU
		{F2BFC826-55A7-4D6A-B921-9E688A14F769}.Debug|Any CPU.Build.0 = Debug|Any CPU
		{F2BFC826-55A7-4D6A-B921-9E688A14F769}.Release|Any CPU.ActiveCfg = Release|Any CPU
		{F2BFC826-55A7-4D6A-B921-9E688A14F769}.Release|Any CPU.Build.0 = Release|Any CPU
	EndGlobalSection
EndGlobal
