
Microsoft Visual Studio Solution File, Format Version 12.00
# Visual Studio 15
VisualStudioVersion = 15.0.28307.106
MinimumVisualStudioVersion = 10.0.40219.1
Project("{FAE04EC0-301F-11D3-BF4B-00C04F79EFBC}") = "TagCloudApplication", "TagCloudApplication\TagCloudApplication.csproj", "{63B8F0A4-2560-48D8-9B40-274C67BB7E82}"
EndProject
Project("{FAE04EC0-301F-11D3-BF4B-00C04F79EFBC}") = "TagCloudApplicationTest", "TagCloudApplicationTest\TagCloudApplicationTest.csproj", "{D50DF4F4-C30F-43E7-B8BA-CE1486A16F36}"
EndProject
Project("{FAE04EC0-301F-11D3-BF4B-00C04F79EFBC}") = "ConsoleClient", "ConsoleClient\ConsoleClient.csproj", "{664776BF-C3D6-4FF0-A1AD-749346636163}"
EndProject
Global
	GlobalSection(SolutionConfigurationPlatforms) = preSolution
		Debug|Any CPU = Debug|Any CPU
		Release|Any CPU = Release|Any CPU
	EndGlobalSection
	GlobalSection(ProjectConfigurationPlatforms) = postSolution
		{63B8F0A4-2560-48D8-9B40-274C67BB7E82}.Debug|Any CPU.ActiveCfg = Debug|Any CPU
		{63B8F0A4-2560-48D8-9B40-274C67BB7E82}.Debug|Any CPU.Build.0 = Debug|Any CPU
		{63B8F0A4-2560-48D8-9B40-274C67BB7E82}.Release|Any CPU.ActiveCfg = Release|Any CPU
		{63B8F0A4-2560-48D8-9B40-274C67BB7E82}.Release|Any CPU.Build.0 = Release|Any CPU
		{D50DF4F4-C30F-43E7-B8BA-CE1486A16F36}.Debug|Any CPU.ActiveCfg = Debug|Any CPU
		{D50DF4F4-C30F-43E7-B8BA-CE1486A16F36}.Debug|Any CPU.Build.0 = Debug|Any CPU
		{D50DF4F4-C30F-43E7-B8BA-CE1486A16F36}.Release|Any CPU.ActiveCfg = Release|Any CPU
		{D50DF4F4-C30F-43E7-B8BA-CE1486A16F36}.Release|Any CPU.Build.0 = Release|Any CPU
		{664776BF-C3D6-4FF0-A1AD-749346636163}.Debug|Any CPU.ActiveCfg = Debug|Any CPU
		{664776BF-C3D6-4FF0-A1AD-749346636163}.Debug|Any CPU.Build.0 = Debug|Any CPU
		{664776BF-C3D6-4FF0-A1AD-749346636163}.Release|Any CPU.ActiveCfg = Release|Any CPU
		{664776BF-C3D6-4FF0-A1AD-749346636163}.Release|Any CPU.Build.0 = Release|Any CPU
	EndGlobalSection
	GlobalSection(SolutionProperties) = preSolution
		HideSolutionNode = FALSE
	EndGlobalSection
	GlobalSection(ExtensibilityGlobals) = postSolution
		SolutionGuid = {3F40ABB0-4337-4A01-96E6-1C0EDE856B16}
	EndGlobalSection
EndGlobal
