
Microsoft Visual Studio Solution File, Format Version 12.00
# Visual Studio Version 16
VisualStudioVersion = 16.0.29102.190
MinimumVisualStudioVersion = 10.0.40219.1
Project("{FAE04EC0-301F-11D3-BF4B-00C04F79EFBC}") = "TagsCloudGenerator", "TagsCloud\TagsCloudGenerator.csproj", "{AF0D6741-5BC5-4386-B6DD-E03513FCCA8B}"
EndProject
Project("{FAE04EC0-301F-11D3-BF4B-00C04F79EFBC}") = "TagsCloudGenerator_Tests", "TagsCloudGenerator_Tests\TagsCloudGenerator_Tests.csproj", "{0FBACBFE-F26D-4988-BAAA-33260E43AD02}"
EndProject
Project("{FAE04EC0-301F-11D3-BF4B-00C04F79EFBC}") = "TagsCloudConsoleClient", "TagsCloudConsoleClient\TagsCloudConsoleClient.csproj", "{7F04D612-0947-46D6-998A-16BD6B2B061A}"
EndProject
Global
	GlobalSection(SolutionConfigurationPlatforms) = preSolution
		Debug|Any CPU = Debug|Any CPU
		Release|Any CPU = Release|Any CPU
	EndGlobalSection
	GlobalSection(ProjectConfigurationPlatforms) = postSolution
		{AF0D6741-5BC5-4386-B6DD-E03513FCCA8B}.Debug|Any CPU.ActiveCfg = Debug|Any CPU
		{AF0D6741-5BC5-4386-B6DD-E03513FCCA8B}.Debug|Any CPU.Build.0 = Debug|Any CPU
		{AF0D6741-5BC5-4386-B6DD-E03513FCCA8B}.Release|Any CPU.ActiveCfg = Release|Any CPU
		{AF0D6741-5BC5-4386-B6DD-E03513FCCA8B}.Release|Any CPU.Build.0 = Release|Any CPU
		{0FBACBFE-F26D-4988-BAAA-33260E43AD02}.Debug|Any CPU.ActiveCfg = Debug|Any CPU
		{0FBACBFE-F26D-4988-BAAA-33260E43AD02}.Debug|Any CPU.Build.0 = Debug|Any CPU
		{0FBACBFE-F26D-4988-BAAA-33260E43AD02}.Release|Any CPU.ActiveCfg = Release|Any CPU
		{0FBACBFE-F26D-4988-BAAA-33260E43AD02}.Release|Any CPU.Build.0 = Release|Any CPU
		{7F04D612-0947-46D6-998A-16BD6B2B061A}.Debug|Any CPU.ActiveCfg = Debug|Any CPU
		{7F04D612-0947-46D6-998A-16BD6B2B061A}.Debug|Any CPU.Build.0 = Debug|Any CPU
		{7F04D612-0947-46D6-998A-16BD6B2B061A}.Release|Any CPU.ActiveCfg = Release|Any CPU
		{7F04D612-0947-46D6-998A-16BD6B2B061A}.Release|Any CPU.Build.0 = Release|Any CPU
	EndGlobalSection
	GlobalSection(SolutionProperties) = preSolution
		HideSolutionNode = FALSE
	EndGlobalSection
	GlobalSection(ExtensibilityGlobals) = postSolution
		SolutionGuid = {ECD02EA7-40BE-4E8B-9478-F87D457850AF}
	EndGlobalSection
EndGlobal
