
Microsoft Visual Studio Solution File, Format Version 12.00
# Visual Studio Version 17
VisualStudioVersion = 17.4.33110.190
MinimumVisualStudioVersion = 10.0.40219.1
Project("{9A19103F-16F7-4668-BE54-9A1E7A4F7556}") = "TagsCloud.CLI", "TagsCloud.CLI\TagsCloud.CLI.csproj", "{75421B32-B5B8-43A3-BF8C-71D178A43F70}"
EndProject
Project("{9A19103F-16F7-4668-BE54-9A1E7A4F7556}") = "TagsCloud.Core", "TagsCloud.Core\TagsCloud.Core.csproj", "{9CDD87D4-F7A7-49A7-85C0-ED21EE3CEF95}"
EndProject
Project("{9A19103F-16F7-4668-BE54-9A1E7A4F7556}") = "TagsCloud.Tests", "TagsCloud.Tests\TagsCloud.Tests.csproj", "{2FD428BA-DBA7-4062-935A-50B0F10FBEEF}"
EndProject
Global
	GlobalSection(SolutionConfigurationPlatforms) = preSolution
		Debug|Any CPU = Debug|Any CPU
		Release|Any CPU = Release|Any CPU
	EndGlobalSection
	GlobalSection(ProjectConfigurationPlatforms) = postSolution
		{75421B32-B5B8-43A3-BF8C-71D178A43F70}.Debug|Any CPU.ActiveCfg = Debug|Any CPU
		{75421B32-B5B8-43A3-BF8C-71D178A43F70}.Debug|Any CPU.Build.0 = Debug|Any CPU
		{75421B32-B5B8-43A3-BF8C-71D178A43F70}.Release|Any CPU.ActiveCfg = Release|Any CPU
		{75421B32-B5B8-43A3-BF8C-71D178A43F70}.Release|Any CPU.Build.0 = Release|Any CPU
		{9CDD87D4-F7A7-49A7-85C0-ED21EE3CEF95}.Debug|Any CPU.ActiveCfg = Debug|Any CPU
		{9CDD87D4-F7A7-49A7-85C0-ED21EE3CEF95}.Debug|Any CPU.Build.0 = Debug|Any CPU
		{9CDD87D4-F7A7-49A7-85C0-ED21EE3CEF95}.Release|Any CPU.ActiveCfg = Release|Any CPU
		{9CDD87D4-F7A7-49A7-85C0-ED21EE3CEF95}.Release|Any CPU.Build.0 = Release|Any CPU
		{2FD428BA-DBA7-4062-935A-50B0F10FBEEF}.Debug|Any CPU.ActiveCfg = Debug|Any CPU
		{2FD428BA-DBA7-4062-935A-50B0F10FBEEF}.Debug|Any CPU.Build.0 = Debug|Any CPU
		{2FD428BA-DBA7-4062-935A-50B0F10FBEEF}.Release|Any CPU.ActiveCfg = Release|Any CPU
		{2FD428BA-DBA7-4062-935A-50B0F10FBEEF}.Release|Any CPU.Build.0 = Release|Any CPU
	EndGlobalSection
	GlobalSection(SolutionProperties) = preSolution
		HideSolutionNode = FALSE
	EndGlobalSection
	GlobalSection(ExtensibilityGlobals) = postSolution
		SolutionGuid = {F013CED0-4314-45F8-9617-940DF2C6427E}
	EndGlobalSection
EndGlobal
